
Microsoft Visual Studio Solution File, Format Version 12.00
Project("{FAE04EC0-301F-11D3-BF4B-00C04F79EFBC}") = "E8R.API", "E8R.API\E8R.API.csproj", "{31A226E8-F418-4D5F-B4FE-7B909F257218}"
EndProject
Global
	GlobalSection(SolutionConfigurationPlatforms) = preSolution
		Debug|Any CPU = Debug|Any CPU
		Release|Any CPU = Release|Any CPU
	EndGlobalSection
	GlobalSection(ProjectConfigurationPlatforms) = postSolution
		{31A226E8-F418-4D5F-B4FE-7B909F257218}.Debug|Any CPU.ActiveCfg = Debug|Any CPU
		{31A226E8-F418-4D5F-B4FE-7B909F257218}.Debug|Any CPU.Build.0 = Debug|Any CPU
		{31A226E8-F418-4D5F-B4FE-7B909F257218}.Release|Any CPU.ActiveCfg = Release|Any CPU
		{31A226E8-F418-4D5F-B4FE-7B909F257218}.Release|Any CPU.Build.0 = Release|Any CPU
	EndGlobalSection
EndGlobal
